# This file is @generated by `bussard import` and `bussard adopt`. Do not edit it by hand.
version = 2

[[device]]
address = "1.1.1"
product = "PB-4F"
manufacturer = "Acme Automation"
channels = [
  { id = "CH-1" },
  { id = "CH-2" },
]
objects = [
  { number = 0, channel = "CH-1", dpt = "1.001", flags = "CRT" },
  { number = 1, channel = "CH-1", dpt = "1.001", flags = "CWU" },
  { number = 2, channel = "CH-2", dpt = "1.001", flags = "CRT" },
  { number = 3, channel = "CH-2", dpt = "1.008", flags = "CRT" },
  { number = 4, channel = "CH-2", dpt = "1.001", flags = "CRT" },
]

[[device]]
address = "1.1.2"
product = "PB-6F"
manufacturer = "Acme Automation"
channels = [
  { id = "CH-1" },
  { id = "CH-2" },
  { id = "CH-3" },
]
objects = [
  { number = 0, channel = "CH-1", dpt = "1.001", flags = "CRT" },
  { number = 1, channel = "CH-1", dpt = "1.001", flags = "CWU" },
  { number = 2, channel = "CH-1", dpt = "3.007", flags = "CRT" },
  { number = 3, channel = "CH-2", dpt = "1.008", flags = "CRT" },
  { number = 4, channel = "CH-2", dpt = "1.007", flags = "CRT" },
  { number = 5, channel = "CH-3", dpt = "5.010", flags = "CRT" },
  { number = 6, channel = "CH-3", dpt = "1.001", flags = "CRT" },
  { number = 7, channel = "CH-1", dpt = "5.001", flags = "CRT" },
  { number = 8, channel = "CH-3", dpt = "20.102", flags = "CRT" },
  { number = 9, channel = "CH-3", dpt = "9.001", flags = "CRT" },
  { number = 10, channel = "CH-3", dpt = "9.001", flags = "CRT" },
  { number = 11, channel = "CH-2", dpt = "5.001", flags = "CWU" },
  { number = 12, channel = "CH-3", dpt = "5.001", flags = "CWU" },
]

[[device]]
address = "1.1.3"
product = "SA-8-16A"
manufacturer = "Northwind Controls"
channels = [
  { id = "CH-A" },
  { id = "CH-B" },
  { id = "CH-C" },
  { id = "CH-D" },
]
objects = [
  { number = 1, channel = "CH-A", dpt = "1.001", flags = "CW" },
  { number = 2, channel = "CH-A", dpt = "1.001", flags = "CRT" },
  { number = 3, channel = "CH-B", dpt = "1.001", flags = "CW" },
  { number = 4, channel = "CH-C", dpt = "1.001", flags = "CW" },
  { number = 5, channel = "CH-C", dpt = "1.001", flags = "CRT" },
  { number = 6, channel = "CH-D", dpt = "1.001", flags = "CW" },
  { number = 7, channel = "CH-D", dpt = "1.001", flags = "CRT" },
  { number = 8, channel = "CH-A", dpt = "12.001", flags = "CRT" },
  { number = 9, channel = "CH-B", dpt = "1.011", flags = "CRT" },
  { number = 30, dpt = "5.010", flags = "CW" },
]

[[device]]
address = "1.1.4"
product = "BA-4"
manufacturer = "Northwind Controls"
application = "M-00FA_A-0B44-11-0001"
channels = [
  { id = "CH-1" },
  { id = "CH-2" },
  { id = "CH-3" },
]
objects = [
  { number = 1, channel = "CH-1", dpt = "1.008", flags = "CW" },
  { number = 2, channel = "CH-1", dpt = "1.007", flags = "CW" },
  { number = 3, channel = "CH-1", dpt = "5.001", flags = "CRT" },
  { number = 4, channel = "CH-1", dpt = "1.005", flags = "CW" },
  { number = 5, channel = "CH-2", dpt = "1.008", flags = "CW" },
  { number = 6, channel = "CH-3", dpt = "1.008", flags = "CW" },
  { number = 7, channel = "CH-3", dpt = "5.001", flags = "CRT" },
  { number = 8, channel = "CH-3", dpt = "1.005", flags = "CW" },
  { number = 9, dpt = "9.005", flags = "CW" },
  { number = 10, dpt = "9.004", flags = "CW" },
]
parameters = [
  { key = "sendeverzoegerung-nach-busspannungswiederkehr", ref = "P-1_R-1", param = "P-1" },
  { key = "windalarm-ueberwachungszeitraum", ref = "P-2_R-2", param = "P-2" },
  { key = "betriebsart", channel = "CH-1", ref = "P-11_R-11", param = "P-11" },
  { key = "gesamtfahrzeit-auf-ab-in-sekunden", channel = "CH-1", ref = "P-12_R-12", param = "P-12" },
  { key = "verhalten-bei-busspannungswiederkehr", channel = "CH-1", ref = "P-13_R-13", param = "P-13" },
  { key = "reaktion-bei-windalarm", channel = "CH-1", ref = "P-14_R-14", param = "P-14" },
  { key = "betriebsart", channel = "CH-2", ref = "P-21_R-21", param = "P-21" },
  { key = "gesamtfahrzeit-auf-ab-in-sekunden", channel = "CH-2", ref = "P-22_R-22", param = "P-22" },
  { key = "verhalten-bei-busspannungswiederkehr", channel = "CH-2", ref = "P-23_R-23", param = "P-23" },
  { key = "reaktion-bei-windalarm", channel = "CH-2", ref = "P-24_R-24", param = "P-24" },
  { key = "betriebsart", channel = "CH-3", ref = "P-31_R-31", param = "P-31" },
  { key = "gesamtfahrzeit-auf-ab-in-sekunden", channel = "CH-3", ref = "P-32_R-32", param = "P-32" },
  { key = "verhalten-bei-busspannungswiederkehr", channel = "CH-3", ref = "P-33_R-33", param = "P-33" },
  { key = "reaktion-bei-windalarm", channel = "CH-3", ref = "P-34_R-34", param = "P-34" },
]

[[device]]
address = "1.1.5"
product = "DA-2"
manufacturer = "Northwind Controls"
channels = [
  { id = "CH-1" },
]
objects = [
  { number = 1, channel = "CH-1", dpt = "1.001", flags = "CW" },
  { number = 2, channel = "CH-1", dpt = "3.007", flags = "CW" },
  { number = 3, channel = "CH-1", dpt = "5.001", flags = "CW" },
  { number = 4, channel = "CH-1", dpt = "1.001", flags = "CRT" },
]

[[device]]
address = "1.1.6"
product = "HA-6"
manufacturer = "Northwind Controls"
channels = [
  { id = "CH-1" },
  { id = "CH-2" },
]
objects = [
  { number = 1, channel = "CH-1", dpt = "9.001", flags = "CW" },
  { number = 2, channel = "CH-1", dpt = "9.001", flags = "CW" },
  { number = 3, channel = "CH-1", dpt = "5.001", flags = "CRT" },
  { number = 4, channel = "CH-1", dpt = "20.102", flags = "CW" },
  { number = 5, channel = "CH-2", dpt = "9.001", flags = "CW" },
  { number = 6, channel = "CH-2", dpt = "9.001", flags = "CW" },
]

[[device]]
address = "1.1.7"
product = "WS-3"
manufacturer = "Meridian Sensors"
channels = [
  { id = "CH-1" },
]
objects = [
  { number = 1, channel = "CH-1", dpt = "9.001", flags = "CRT" },
  { number = 2, channel = "CH-1", dpt = "9.005", flags = "CRT" },
  { number = 3, channel = "CH-1", dpt = "9.004", flags = "CRT" },
  { number = 4, channel = "CH-1", dpt = "1.005", flags = "CRT" },
  { number = 5, channel = "CH-1", dpt = "1.001", flags = "CRT" },
]

[[device]]
address = "1.1.8"
product = "PD-1"
manufacturer = "Meridian Sensors"
objects = [
  { number = 1, dpt = "1.018", flags = "CRT" },
  { number = 2, dpt = "1.001", flags = "CRT" },
  { number = 3, dpt = "9.004", flags = "CRT" },
]

[[device]]
address = "1.1.9"
product = "RT-1"
manufacturer = "Acme Automation"
channels = [
  { id = "CH-1" },
]
objects = [
  { number = 1, channel = "CH-1", dpt = "9.001", flags = "CRT" },
  { number = 2, channel = "CH-1", dpt = "9.001", flags = "CRT" },
  { number = 3, channel = "CH-1", dpt = "9.001", flags = "CWU" },
  { number = 4, channel = "CH-1", dpt = "1.001", flags = "CRT" },
  { number = 5, channel = "CH-1", dpt = "1.001", flags = "CWU" },
]
