# This file is @generated by `bussard import` and `bussard adopt`. Do not edit it by hand.
version = 1

[[device]]
address = "1.0.1"
application = "M-00FA_A-2500-10-51CB"
manufacturer_ref = "M-00FA"
mask = "07B0"
objects = [
  { number = 1, dpt = "3.007", flags = "CW" },
  { number = 2, dpt = "5.001", flags = "CW" },
]

[[device]]
address = "1.0.2"
application = "M-0083_A-0007-23-78E9"
manufacturer_ref = "M-0083"
mask = "07B0"
objects = [
  { number = 1, dpt = "1.001", flags = "CW" },
  { number = 7, dpt = "1.011", flags = "CRT" },
]

[[device]]
address = "1.0.3"
application = "M-0083_A-0004-32-A137"
manufacturer_ref = "M-0083"
mask = "07B0"
objects = [
  { number = 1, dpt = "1.001", flags = "CW" },
  { number = 8, dpt = "1.011", flags = "CRT" },
]

[[device]]
address = "1.0.4"
application = "M-0083_A-013A-34-3E87"
manufacturer_ref = "M-0083"
mask = "07B0"
objects = [
  { number = 1, dpt = "9.001", flags = "CWTU" },
]
